
Microsoft Visual Studio Solution File, Format Version 12.00
# Visual Studio Version 17
VisualStudioVersion = 17.14.36616.10
MinimumVisualStudioVersion = 10.0.40219.1
Project("{2150E333-8FDC-42A3-9474-1A3956D46DE8}") = "phase-01-backend-foundations", "phase-01-backend-foundations", "{02EA681E-C7D8-13C7-8484-4AC65E1B71E8}"
EndProject
Project("{2150E333-8FDC-42A3-9474-1A3956D46DE8}") = "phase-02-web-api-basics", "phase-02-web-api-basics", "{DEDB3C4A-5A26-40D8-AEE8-D743574CD9DE}"
EndProject
Project("{2150E333-8FDC-42A3-9474-1A3956D46DE8}") = "phase-03-database-and-ef-core", "phase-03-database-and-ef-core", "{1F421612-D266-40B9-9B90-3BC406C757AB}"
EndProject
Project("{2150E333-8FDC-42A3-9474-1A3956D46DE8}") = "phase-04-auth-and-architecture", "phase-04-auth-and-architecture", "{70D5CB64-BEF0-4D05-952A-BB4A31235A65}"
EndProject
Project("{2150E333-8FDC-42A3-9474-1A3956D46DE8}") = "final-capstone", "final-capstone", "{0A63AEDE-81EC-4082-B2A6-9B58CE1CB066}"
EndProject
Project("{2150E333-8FDC-42A3-9474-1A3956D46DE8}") = "task-00-setup", "task-00-setup", "{8A23ED36-C277-4B87-AB0D-B8EDB2F84719}"
	ProjectSection(SolutionItems) = preProject
		README.md = README.md
	EndProjectSection
EndProject
Project("{2150E333-8FDC-42A3-9474-1A3956D46DE8}") = "task-01-csharp-drills", "task-01-csharp-drills", "{C4442D49-FAB2-4F55-88E1-784F78726413}"
	ProjectSection(SolutionItems) = preProject
		README01.md = README01.md
	EndProjectSection
EndProject
Project("{2150E333-8FDC-42A3-9474-1A3956D46DE8}") = "task-02-bank-account-system", "task-02-bank-account-system", "{7D998A09-4069-45A2-A7C1-5A8765291C24}"
EndProject
Project("{2150E333-8FDC-42A3-9474-1A3956D46DE8}") = "task-03-employee-management", "task-03-employee-management", "{9A12EEEE-DFDC-4F43-8836-25EBF914E22A}"
EndProject
Project("{2150E333-8FDC-42A3-9474-1A3956D46DE8}") = "task-04-product-catalog-linq", "task-04-product-catalog-linq", "{49DE1708-8E41-4780-9AB7-B7806545080C}"
EndProject
Project("{2150E333-8FDC-42A3-9474-1A3956D46DE8}") = "task-05-debug-refactor-pack", "task-05-debug-refactor-pack", "{3A236EC0-0B34-49D9-8C11-D3C42BCD0293}"
EndProject
Project("{2150E333-8FDC-42A3-9474-1A3956D46DE8}") = "task-06-sql-erd-starter", "task-06-sql-erd-starter", "{C13196F6-6F7F-482A-8B49-B9E23A015CAC}"
EndProject
Project("{2150E333-8FDC-42A3-9474-1A3956D46DE8}") = "task-07-interview-answers", "task-07-interview-answers", "{33A7234C-CEE7-4DE8-BF62-FD177DFC6E1B}"
EndProject
Project("{FAE04EC0-301F-11D3-BF4B-00C04F79EFBC}") = "Task01.CSharpDrills", "Task01.CSharpDrills\Task01.CSharpDrills.csproj", "{8B6FBFB7-67DF-4F2F-9BC3-68766A17F924}"
EndProject
Project("{2150E333-8FDC-42A3-9474-1A3956D46DE8}") = "Solution Items", "Solution Items", "{8EC462FD-D22E-90A8-E5CE-7E832BA40C5D}"
	ProjectSection(SolutionItems) = preProject
		.gitignore = .gitignore
	EndProjectSection
EndProject
Project("{FAE04EC0-301F-11D3-BF4B-00C04F79EFBC}") = "BankAccountSystem", "BankAccountSystem\BankAccountSystem.csproj", "{85C5F145-16BB-4B32-8AF9-39C003322114}"
EndProject
Global
	GlobalSection(SolutionConfigurationPlatforms) = preSolution
		Debug|Any CPU = Debug|Any CPU
		Release|Any CPU = Release|Any CPU
	EndGlobalSection
	GlobalSection(ProjectConfigurationPlatforms) = postSolution
		{8B6FBFB7-67DF-4F2F-9BC3-68766A17F924}.Debug|Any CPU.ActiveCfg = Debug|Any CPU
		{8B6FBFB7-67DF-4F2F-9BC3-68766A17F924}.Debug|Any CPU.Build.0 = Debug|Any CPU
		{8B6FBFB7-67DF-4F2F-9BC3-68766A17F924}.Release|Any CPU.ActiveCfg = Release|Any CPU
		{8B6FBFB7-67DF-4F2F-9BC3-68766A17F924}.Release|Any CPU.Build.0 = Release|Any CPU
		{85C5F145-16BB-4B32-8AF9-39C003322114}.Debug|Any CPU.ActiveCfg = Debug|Any CPU
		{85C5F145-16BB-4B32-8AF9-39C003322114}.Debug|Any CPU.Build.0 = Debug|Any CPU
		{85C5F145-16BB-4B32-8AF9-39C003322114}.Release|Any CPU.ActiveCfg = Release|Any CPU
		{85C5F145-16BB-4B32-8AF9-39C003322114}.Release|Any CPU.Build.0 = Release|Any CPU
	EndGlobalSection
	GlobalSection(SolutionProperties) = preSolution
		HideSolutionNode = FALSE
	EndGlobalSection
	GlobalSection(NestedProjects) = preSolution
		{8A23ED36-C277-4B87-AB0D-B8EDB2F84719} = {02EA681E-C7D8-13C7-8484-4AC65E1B71E8}
		{C4442D49-FAB2-4F55-88E1-784F78726413} = {02EA681E-C7D8-13C7-8484-4AC65E1B71E8}
		{7D998A09-4069-45A2-A7C1-5A8765291C24} = {02EA681E-C7D8-13C7-8484-4AC65E1B71E8}
		{9A12EEEE-DFDC-4F43-8836-25EBF914E22A} = {02EA681E-C7D8-13C7-8484-4AC65E1B71E8}
		{49DE1708-8E41-4780-9AB7-B7806545080C} = {02EA681E-C7D8-13C7-8484-4AC65E1B71E8}
		{3A236EC0-0B34-49D9-8C11-D3C42BCD0293} = {02EA681E-C7D8-13C7-8484-4AC65E1B71E8}
		{C13196F6-6F7F-482A-8B49-B9E23A015CAC} = {02EA681E-C7D8-13C7-8484-4AC65E1B71E8}
		{33A7234C-CEE7-4DE8-BF62-FD177DFC6E1B} = {02EA681E-C7D8-13C7-8484-4AC65E1B71E8}
		{8B6FBFB7-67DF-4F2F-9BC3-68766A17F924} = {C4442D49-FAB2-4F55-88E1-784F78726413}
		{85C5F145-16BB-4B32-8AF9-39C003322114} = {7D998A09-4069-45A2-A7C1-5A8765291C24}
	EndGlobalSection
	GlobalSection(ExtensibilityGlobals) = postSolution
		SolutionGuid = {5D64D4F6-44BB-4885-A767-D96000DA6F12}
	EndGlobalSection
EndGlobal
