
Microsoft Visual Studio Solution File, Format Version 12.00
# Visual Studio Version 17
VisualStudioVersion = 17.14.36616.10
MinimumVisualStudioVersion = 10.0.40219.1
Project("{2150E333-8FDC-42A3-9474-1A3956D46DE8}") = "phase-01-backend-foundations", "phase-01-backend-foundations", "{02EA681E-C7D8-13C7-8484-4AC65E1B71E8}"
EndProject
Project("{2150E333-8FDC-42A3-9474-1A3956D46DE8}") = "phase-02-web-api-basics", "phase-02-web-api-basics", "{DEDB3C4A-5A26-40D8-AEE8-D743574CD9DE}"
EndProject
Project("{2150E333-8FDC-42A3-9474-1A3956D46DE8}") = "phase-03-database-and-ef-core", "phase-03-database-and-ef-core", "{1F421612-D266-40B9-9B90-3BC406C757AB}"
EndProject
Project("{2150E333-8FDC-42A3-9474-1A3956D46DE8}") = "phase-04-auth-and-architecture", "phase-04-auth-and-architecture", "{70D5CB64-BEF0-4D05-952A-BB4A31235A65}"
EndProject
Project("{2150E333-8FDC-42A3-9474-1A3956D46DE8}") = "final-capstone", "final-capstone", "{0A63AEDE-81EC-4082-B2A6-9B58CE1CB066}"
EndProject
Project("{2150E333-8FDC-42A3-9474-1A3956D46DE8}") = "task-00-setup", "task-00-setup", "{8A23ED36-C277-4B87-AB0D-B8EDB2F84719}"
	ProjectSection(SolutionItems) = preProject
		README.md = README.md
	EndProjectSection
EndProject
Project("{2150E333-8FDC-42A3-9474-1A3956D46DE8}") = "task-01-csharp-drills", "task-01-csharp-drills", "{C4442D49-FAB2-4F55-88E1-784F78726413}"
	ProjectSection(SolutionItems) = preProject
		README01.md = README01.md
	EndProjectSection
EndProject
Project("{2150E333-8FDC-42A3-9474-1A3956D46DE8}") = "task-02-bank-account-system", "task-02-bank-account-system", "{7D998A09-4069-45A2-A7C1-5A8765291C24}"
	ProjectSection(SolutionItems) = preProject
		README02.md = README02.md
	EndProjectSection
EndProject
Project("{2150E333-8FDC-42A3-9474-1A3956D46DE8}") = "task-03-employee-management", "task-03-employee-management", "{9A12EEEE-DFDC-4F43-8836-25EBF914E22A}"
	ProjectSection(SolutionItems) = preProject
		README03.txt = README03.txt
	EndProjectSection
EndProject
Project("{2150E333-8FDC-42A3-9474-1A3956D46DE8}") = "task-04-product-catalog-linq", "task-04-product-catalog-linq", "{49DE1708-8E41-4780-9AB7-B7806545080C}"
	ProjectSection(SolutionItems) = preProject
		README04.txt = README04.txt
	EndProjectSection
EndProject
Project("{2150E333-8FDC-42A3-9474-1A3956D46DE8}") = "task-05-debug-refactor-pack", "task-05-debug-refactor-pack", "{3A236EC0-0B34-49D9-8C11-D3C42BCD0293}"
	ProjectSection(SolutionItems) = preProject
		README05.txt = README05.txt
	EndProjectSection
EndProject
Project("{2150E333-8FDC-42A3-9474-1A3956D46DE8}") = "task-06-sql-erd-starter", "task-06-sql-erd-starter", "{C13196F6-6F7F-482A-8B49-B9E23A015CAC}"
EndProject
Project("{2150E333-8FDC-42A3-9474-1A3956D46DE8}") = "task-07-interview-answers", "task-07-interview-answers", "{33A7234C-CEE7-4DE8-BF62-FD177DFC6E1B}"
	ProjectSection(SolutionItems) = preProject
		InterviewAnswers.txt = InterviewAnswers.txt
	EndProjectSection
EndProject
Project("{FAE04EC0-301F-11D3-BF4B-00C04F79EFBC}") = "Task01.CSharpDrills", "Task01.CSharpDrills\Task01.CSharpDrills.csproj", "{8B6FBFB7-67DF-4F2F-9BC3-68766A17F924}"
EndProject
Project("{2150E333-8FDC-42A3-9474-1A3956D46DE8}") = "Solution Items", "Solution Items", "{8EC462FD-D22E-90A8-E5CE-7E832BA40C5D}"
	ProjectSection(SolutionItems) = preProject
		.gitignore = .gitignore
	EndProjectSection
EndProject
Project("{FAE04EC0-301F-11D3-BF4B-00C04F79EFBC}") = "BankAccountSystem", "BankAccountSystem\BankAccountSystem.csproj", "{85C5F145-16BB-4B32-8AF9-39C003322114}"
EndProject
Project("{FAE04EC0-301F-11D3-BF4B-00C04F79EFBC}") = "EmployeeManagement", "EmployeeManagement\EmployeeManagement.csproj", "{81B653F3-E718-4162-8541-16BA706C77AA}"
EndProject
Project("{FAE04EC0-301F-11D3-BF4B-00C04F79EFBC}") = "ProductCatalogLinq", "ProductCatalogLinq\ProductCatalogLinq.csproj", "{F6FABB66-0ABD-4261-BCC2-6BBFE06C7954}"
EndProject
Project("{FAE04EC0-301F-11D3-BF4B-00C04F79EFBC}") = "original-bad-code", "original-bad-code\original-bad-code.csproj", "{E9130865-19FA-4A2B-8740-754E3C3CCF34}"
EndProject
Project("{FAE04EC0-301F-11D3-BF4B-00C04F79EFBC}") = "Refactored", "Refactored\Refactored.csproj", "{862A6278-26F6-40CD-AF6F-EAB8DD3D9A0C}"
EndProject
Project("{2150E333-8FDC-42A3-9474-1A3956D46DE8}") = "Task06A-LibraryManagement", "Task06A-LibraryManagement", "{E882CCB0-66A6-4839-A203-0FFB09D40D01}"
	ProjectSection(SolutionItems) = preProject
		LibraryManagement.sql = LibraryManagement.sql
		Queries.sql = Queries.sql
		READMEA.txt = READMEA.txt
		C:\Users\hp\Downloads\Scenario A - Library Management System.drawio (1).pdf = C:\Users\hp\Downloads\Scenario A - Library Management System.drawio (1).pdf
		SeedData.sql = SeedData.sql
	EndProjectSection
EndProject
Project("{2150E333-8FDC-42A3-9474-1A3956D46DE8}") = "Task06B-SimpleStore", "Task06B-SimpleStore", "{DA9A2DF8-29F8-4A96-8EA8-8ACD19A4A072}"
	ProjectSection(SolutionItems) = preProject
		QueriesB.sql = QueriesB.sql
		READMEB.txt = READMEB.txt
		C:\Users\hp\Downloads\Scenario B - Simple Store & Orders System.drawio.pdf = C:\Users\hp\Downloads\Scenario B - Simple Store & Orders System.drawio.pdf
		SeedDataB.sql = SeedDataB.sql
		SimpleStore.sql = SimpleStore.sql
	EndProjectSection
EndProject
Project("{2150E333-8FDC-42A3-9474-1A3956D46DE8}") = "Task06C- TrainingCenterRegistration", "Task06C- TrainingCenterRegistration", "{713820CA-81ED-4E42-862B-83D15655D7CA}"
	ProjectSection(SolutionItems) = preProject
		QueriesC.sql = QueriesC.sql
		READMEC.txt = READMEC.txt
		C:\Users\hp\Downloads\Scenario C - Training Center Registration System.drawio.pdf = C:\Users\hp\Downloads\Scenario C - Training Center Registration System.drawio.pdf
		SeedDataC.sql = SeedDataC.sql
		TrainingCenter.sql = TrainingCenter.sql
	EndProjectSection
EndProject
Project("{2150E333-8FDC-42A3-9474-1A3956D46DE8}") = "task-00-api-setup", "task-00-api-setup", "{D2363AEE-31D1-44B2-B7FE-936E6E5911E9}"
	ProjectSection(SolutionItems) = preProject
		README002.md = README002.md
	EndProjectSection
EndProject
Project("{2150E333-8FDC-42A3-9474-1A3956D46DE8}") = "task-01-rest-routing-drills", "task-01-rest-routing-drills", "{8356867F-AB3B-43DA-8670-7234615FEA4E}"
EndProject
Project("{2150E333-8FDC-42A3-9474-1A3956D46DE8}") = "task-02-student-management-api", "task-02-student-management-api", "{07C632DD-459D-4D26-AB73-CCD0E83C8F07}"
EndProject
Project("{2150E333-8FDC-42A3-9474-1A3956D46DE8}") = "task-03-products-categories-api", "task-03-products-categories-api", "{B6770E0A-CE15-42AA-9846-B785E19958A9}"
EndProject
Project("{2150E333-8FDC-42A3-9474-1A3956D46DE8}") = "task-04-book-store-api", "task-04-book-store-api", "{57254EC2-D2AF-46A0-B196-66ED7BA9F8EA}"
EndProject
Project("{2150E333-8FDC-42A3-9474-1A3956D46DE8}") = "task-05-postman-swagger-evidence", "task-05-postman-swagger-evidence", "{9D9DE862-0864-416C-B07D-1FA133C3E1C3}"
EndProject
Project("{2150E333-8FDC-42A3-9474-1A3956D46DE8}") = "task-06-api-standards-refactor-pack", "task-06-api-standards-refactor-pack", "{12B5913F-941C-4E43-9C72-8CBD69EEB9C1}"
EndProject
Project("{2150E333-8FDC-42A3-9474-1A3956D46DE8}") = "task-07-interview-answers", "task-07-interview-answers", "{90956488-B566-4FB3-8AEF-724FC0AD1741}"
EndProject
Project("{FAE04EC0-301F-11D3-BF4B-00C04F79EFBC}") = "StudentManagementAPI", "StudentManagementAPI\StudentManagementAPI.csproj", "{57F39DF8-1042-4284-833C-DA7253960DEE}"
EndProject
Global
	GlobalSection(SolutionConfigurationPlatforms) = preSolution
		Debug|Any CPU = Debug|Any CPU
		Release|Any CPU = Release|Any CPU
	EndGlobalSection
	GlobalSection(ProjectConfigurationPlatforms) = postSolution
		{8B6FBFB7-67DF-4F2F-9BC3-68766A17F924}.Debug|Any CPU.ActiveCfg = Debug|Any CPU
		{8B6FBFB7-67DF-4F2F-9BC3-68766A17F924}.Debug|Any CPU.Build.0 = Debug|Any CPU
		{8B6FBFB7-67DF-4F2F-9BC3-68766A17F924}.Release|Any CPU.ActiveCfg = Release|Any CPU
		{8B6FBFB7-67DF-4F2F-9BC3-68766A17F924}.Release|Any CPU.Build.0 = Release|Any CPU
		{85C5F145-16BB-4B32-8AF9-39C003322114}.Debug|Any CPU.ActiveCfg = Debug|Any CPU
		{85C5F145-16BB-4B32-8AF9-39C003322114}.Debug|Any CPU.Build.0 = Debug|Any CPU
		{85C5F145-16BB-4B32-8AF9-39C003322114}.Release|Any CPU.ActiveCfg = Release|Any CPU
		{85C5F145-16BB-4B32-8AF9-39C003322114}.Release|Any CPU.Build.0 = Release|Any CPU
		{81B653F3-E718-4162-8541-16BA706C77AA}.Debug|Any CPU.ActiveCfg = Debug|Any CPU
		{81B653F3-E718-4162-8541-16BA706C77AA}.Debug|Any CPU.Build.0 = Debug|Any CPU
		{81B653F3-E718-4162-8541-16BA706C77AA}.Release|Any CPU.ActiveCfg = Release|Any CPU
		{81B653F3-E718-4162-8541-16BA706C77AA}.Release|Any CPU.Build.0 = Release|Any CPU
		{F6FABB66-0ABD-4261-BCC2-6BBFE06C7954}.Debug|Any CPU.ActiveCfg = Debug|Any CPU
		{F6FABB66-0ABD-4261-BCC2-6BBFE06C7954}.Debug|Any CPU.Build.0 = Debug|Any CPU
		{F6FABB66-0ABD-4261-BCC2-6BBFE06C7954}.Release|Any CPU.ActiveCfg = Release|Any CPU
		{F6FABB66-0ABD-4261-BCC2-6BBFE06C7954}.Release|Any CPU.Build.0 = Release|Any CPU
		{E9130865-19FA-4A2B-8740-754E3C3CCF34}.Debug|Any CPU.ActiveCfg = Debug|Any CPU
		{E9130865-19FA-4A2B-8740-754E3C3CCF34}.Debug|Any CPU.Build.0 = Debug|Any CPU
		{E9130865-19FA-4A2B-8740-754E3C3CCF34}.Release|Any CPU.ActiveCfg = Release|Any CPU
		{E9130865-19FA-4A2B-8740-754E3C3CCF34}.Release|Any CPU.Build.0 = Release|Any CPU
		{862A6278-26F6-40CD-AF6F-EAB8DD3D9A0C}.Debug|Any CPU.ActiveCfg = Debug|Any CPU
		{862A6278-26F6-40CD-AF6F-EAB8DD3D9A0C}.Debug|Any CPU.Build.0 = Debug|Any CPU
		{862A6278-26F6-40CD-AF6F-EAB8DD3D9A0C}.Release|Any CPU.ActiveCfg = Release|Any CPU
		{862A6278-26F6-40CD-AF6F-EAB8DD3D9A0C}.Release|Any CPU.Build.0 = Release|Any CPU
		{57F39DF8-1042-4284-833C-DA7253960DEE}.Debug|Any CPU.ActiveCfg = Debug|Any CPU
		{57F39DF8-1042-4284-833C-DA7253960DEE}.Debug|Any CPU.Build.0 = Debug|Any CPU
		{57F39DF8-1042-4284-833C-DA7253960DEE}.Release|Any CPU.ActiveCfg = Release|Any CPU
		{57F39DF8-1042-4284-833C-DA7253960DEE}.Release|Any CPU.Build.0 = Release|Any CPU
	EndGlobalSection
	GlobalSection(SolutionProperties) = preSolution
		HideSolutionNode = FALSE
	EndGlobalSection
	GlobalSection(NestedProjects) = preSolution
		{8A23ED36-C277-4B87-AB0D-B8EDB2F84719} = {02EA681E-C7D8-13C7-8484-4AC65E1B71E8}
		{C4442D49-FAB2-4F55-88E1-784F78726413} = {02EA681E-C7D8-13C7-8484-4AC65E1B71E8}
		{7D998A09-4069-45A2-A7C1-5A8765291C24} = {02EA681E-C7D8-13C7-8484-4AC65E1B71E8}
		{9A12EEEE-DFDC-4F43-8836-25EBF914E22A} = {02EA681E-C7D8-13C7-8484-4AC65E1B71E8}
		{49DE1708-8E41-4780-9AB7-B7806545080C} = {02EA681E-C7D8-13C7-8484-4AC65E1B71E8}
		{3A236EC0-0B34-49D9-8C11-D3C42BCD0293} = {02EA681E-C7D8-13C7-8484-4AC65E1B71E8}
		{C13196F6-6F7F-482A-8B49-B9E23A015CAC} = {02EA681E-C7D8-13C7-8484-4AC65E1B71E8}
		{33A7234C-CEE7-4DE8-BF62-FD177DFC6E1B} = {02EA681E-C7D8-13C7-8484-4AC65E1B71E8}
		{8B6FBFB7-67DF-4F2F-9BC3-68766A17F924} = {C4442D49-FAB2-4F55-88E1-784F78726413}
		{85C5F145-16BB-4B32-8AF9-39C003322114} = {7D998A09-4069-45A2-A7C1-5A8765291C24}
		{81B653F3-E718-4162-8541-16BA706C77AA} = {9A12EEEE-DFDC-4F43-8836-25EBF914E22A}
		{F6FABB66-0ABD-4261-BCC2-6BBFE06C7954} = {49DE1708-8E41-4780-9AB7-B7806545080C}
		{E9130865-19FA-4A2B-8740-754E3C3CCF34} = {3A236EC0-0B34-49D9-8C11-D3C42BCD0293}
		{862A6278-26F6-40CD-AF6F-EAB8DD3D9A0C} = {3A236EC0-0B34-49D9-8C11-D3C42BCD0293}
		{E882CCB0-66A6-4839-A203-0FFB09D40D01} = {C13196F6-6F7F-482A-8B49-B9E23A015CAC}
		{DA9A2DF8-29F8-4A96-8EA8-8ACD19A4A072} = {C13196F6-6F7F-482A-8B49-B9E23A015CAC}
		{713820CA-81ED-4E42-862B-83D15655D7CA} = {C13196F6-6F7F-482A-8B49-B9E23A015CAC}
		{D2363AEE-31D1-44B2-B7FE-936E6E5911E9} = {DEDB3C4A-5A26-40D8-AEE8-D743574CD9DE}
		{8356867F-AB3B-43DA-8670-7234615FEA4E} = {DEDB3C4A-5A26-40D8-AEE8-D743574CD9DE}
		{07C632DD-459D-4D26-AB73-CCD0E83C8F07} = {DEDB3C4A-5A26-40D8-AEE8-D743574CD9DE}
		{B6770E0A-CE15-42AA-9846-B785E19958A9} = {DEDB3C4A-5A26-40D8-AEE8-D743574CD9DE}
		{57254EC2-D2AF-46A0-B196-66ED7BA9F8EA} = {DEDB3C4A-5A26-40D8-AEE8-D743574CD9DE}
		{9D9DE862-0864-416C-B07D-1FA133C3E1C3} = {DEDB3C4A-5A26-40D8-AEE8-D743574CD9DE}
		{12B5913F-941C-4E43-9C72-8CBD69EEB9C1} = {DEDB3C4A-5A26-40D8-AEE8-D743574CD9DE}
		{90956488-B566-4FB3-8AEF-724FC0AD1741} = {DEDB3C4A-5A26-40D8-AEE8-D743574CD9DE}
		{57F39DF8-1042-4284-833C-DA7253960DEE} = {D2363AEE-31D1-44B2-B7FE-936E6E5911E9}
	EndGlobalSection
	GlobalSection(ExtensibilityGlobals) = postSolution
		SolutionGuid = {5D64D4F6-44BB-4885-A767-D96000DA6F12}
	EndGlobalSection
EndGlobal
